
Microsoft Visual Studio Solution File, Format Version 12.00
# Visual Studio Version 16
VisualStudioVersion = 16.0.30114.105
MinimumVisualStudioVersion = 10.0.40219.1
Project("{FAE04EC0-301F-11D3-BF4B-00C04F79EFBC}") = "Core", "Core\Core.csproj", "{81B73F08-C8E4-48CB-ABB1-ECFB49D2DCDD}"
EndProject
Project("{FAE04EC0-301F-11D3-BF4B-00C04F79EFBC}") = "Infrastructure", "Infrastructure\Infrastructure.csproj", "{01A02B8D-89DE-4266-9EA4-ECCE7D770242}"
EndProject
Project("{FAE04EC0-301F-11D3-BF4B-00C04F79EFBC}") = "API", "API\API.csproj", "{C472CD61-B33D-4AF1-AD57-9239E4345759}"
EndProject
Global
	GlobalSection(SolutionConfigurationPlatforms) = preSolution
		Debug|Any CPU = Debug|Any CPU
		Release|Any CPU = Release|Any CPU
	EndGlobalSection
	GlobalSection(SolutionProperties) = preSolution
		HideSolutionNode = FALSE
	EndGlobalSection
	GlobalSection(ProjectConfigurationPlatforms) = postSolution
		{81B73F08-C8E4-48CB-ABB1-ECFB49D2DCDD}.Debug|Any CPU.ActiveCfg = Debug|Any CPU
		{81B73F08-C8E4-48CB-ABB1-ECFB49D2DCDD}.Debug|Any CPU.Build.0 = Debug|Any CPU
		{81B73F08-C8E4-48CB-ABB1-ECFB49D2DCDD}.Release|Any CPU.ActiveCfg = Release|Any CPU
		{81B73F08-C8E4-48CB-ABB1-ECFB49D2DCDD}.Release|Any CPU.Build.0 = Release|Any CPU
		{01A02B8D-89DE-4266-9EA4-ECCE7D770242}.Debug|Any CPU.ActiveCfg = Debug|Any CPU
		{01A02B8D-89DE-4266-9EA4-ECCE7D770242}.Debug|Any CPU.Build.0 = Debug|Any CPU
		{01A02B8D-89DE-4266-9EA4-ECCE7D770242}.Release|Any CPU.ActiveCfg = Release|Any CPU
		{01A02B8D-89DE-4266-9EA4-ECCE7D770242}.Release|Any CPU.Build.0 = Release|Any CPU
		{C472CD61-B33D-4AF1-AD57-9239E4345759}.Debug|Any CPU.ActiveCfg = Debug|Any CPU
		{C472CD61-B33D-4AF1-AD57-9239E4345759}.Debug|Any CPU.Build.0 = Debug|Any CPU
		{C472CD61-B33D-4AF1-AD57-9239E4345759}.Release|Any CPU.ActiveCfg = Release|Any CPU
		{C472CD61-B33D-4AF1-AD57-9239E4345759}.Release|Any CPU.Build.0 = Release|Any CPU
	EndGlobalSection
EndGlobal
